// !$*UTF8*$!
{
	archiveVersion = 1;
	classes = {
	};
	objectVersion = 55;
	objects = {

/* Begin PBXBuildFile section */
		1EA26D1A27F245C4003F2E14 /* AppDelegate.swift in Sources */ = {isa = PBXBuildFile; fileRef = 1EA26D1927F245C4003F2E14 /* AppDelegate.swift */; };
		1EA26D1C27F245C4003F2E14 /* SceneDelegate.swift in Sources */ = {isa = PBXBuildFile; fileRef = 1EA26D1B27F245C4003F2E14 /* SceneDelegate.swift */; };
		1EA26D1E27F245C4003F2E14 /* ViewController.swift in Sources */ = {isa = PBXBuildFile; fileRef = 1EA26D1D27F245C4003F2E14 /* ViewController.swift */; };
		1EA26D2127F245C4003F2E14 /* Main.storyboard in Resources */ = {isa = PBXBuildFile; fileRef = 1EA26D1F27F245C4003F2E14 /* Main.storyboard */; };
		1EA26D2327F245CA003F2E14 /* Assets.xcassets in Resources */ = {isa = PBXBuildFile; fileRef = 1EA26D2227F245CA003F2E14 /* Assets.xcassets */; };
		1EA26D2627F245CA003F2E14 /* LaunchScreen.storyboard in Resources */ = {isa = PBXBuildFile; fileRef = 1EA26D2427F245CA003F2E14 /* LaunchScreen.storyboard */; };
		1EA26D3327F2468C003F2E14 /* CountryService.swift in Sources */ = {isa = PBXBuildFile; fileRef = 1EA26D3227F2468C003F2E14 /* CountryService.swift */; };
		1EA26D3527F246BC003F2E14 /* CountryViewController.swift in Sources */ = {isa = PBXBuildFile; fileRef = 1EA26D3427F246BC003F2E14 /* CountryViewController.swift */; };
		1EA26D3927F24704003F2E14 /* SnapKit in Frameworks */ = {isa = PBXBuildFile; productRef = 1EA26D3827F24704003F2E14 /* SnapKit */; };
		1EA26D3C27F25B38003F2E14 /* Alamofire in Frameworks */ = {isa = PBXBuildFile; productRef = 1EA26D3B27F25B38003F2E14 /* Alamofire */; };
		1EA26D3E27F25B4E003F2E14 /* CountryModel.swift in Sources */ = {isa = PBXBuildFile; fileRef = 1EA26D3D27F25B4E003F2E14 /* CountryModel.swift */; };
		1EA26D4027F25B69003F2E14 /* CountryViewModel.swift in Sources */ = {isa = PBXBuildFile; fileRef = 1EA26D3F27F25B69003F2E14 /* CountryViewModel.swift */; };
		1EA26D4327F25F23003F2E14 /* CountryTableViewCell.swift in Sources */ = {isa = PBXBuildFile; fileRef = 1EA26D4227F25F23003F2E14 /* CountryTableViewCell.swift */; };
/* End PBXBuildFile section */

/* Begin PBXFileReference section */
		1EA26D1627F245C4003F2E14 /* Day 59 Challange.app */ = {isa = PBXFileReference; explicitFileType = wrapper.application; includeInIndex = 0; path = "Day 59 Challange.app"; sourceTree = BUILT_PRODUCTS_DIR; };
		1EA26D1927F245C4003F2E14 /* AppDelegate.swift */ = {isa = PBXFileReference; lastKnownFileType = sourcecode.swift; path = AppDelegate.swift; sourceTree = "<group>"; };
		1EA26D1B27F245C4003F2E14 /* SceneDelegate.swift */ = {isa = PBXFileReference; lastKnownFileType = sourcecode.swift; path = SceneDelegate.swift; sourceTree = "<group>"; };
		1EA26D1D27F245C4003F2E14 /* ViewController.swift */ = {isa = PBXFileReference; lastKnownFileType = sourcecode.swift; path = ViewController.swift; sourceTree = "<group>"; };
		1EA26D2027F245C4003F2E14 /* Base */ = {isa = PBXFileReference; lastKnownFileType = file.storyboard; name = Base; path = Base.lproj/Main.storyboard; sourceTree = "<group>"; };
		1EA26D2227F245CA003F2E14 /* Assets.xcassets */ = {isa = PBXFileReference; lastKnownFileType = folder.assetcatalog; path = Assets.xcassets; sourceTree = "<group>"; };
		1EA26D2527F245CA003F2E14 /* Base */ = {isa = PBXFileReference; lastKnownFileType = file.storyboard; name = Base; path = Base.lproj/LaunchScreen.storyboard; sourceTree = "<group>"; };
		1EA26D2727F245CA003F2E14 /* Info.plist */ = {isa = PBXFileReference; lastKnownFileType = text.plist.xml; path = Info.plist; sourceTree = "<group>"; };
		1EA26D3227F2468C003F2E14 /* CountryService.swift */ = {isa = PBXFileReference; lastKnownFileType = sourcecode.swift; path = CountryService.swift; sourceTree = "<group>"; };
		1EA26D3427F246BC003F2E14 /* CountryViewController.swift */ = {isa = PBXFileReference; lastKnownFileType = sourcecode.swift; path = CountryViewController.swift; sourceTree = "<group>"; };
		1EA26D3D27F25B4E003F2E14 /* CountryModel.swift */ = {isa = PBXFileReference; lastKnownFileType = sourcecode.swift; path = CountryModel.swift; sourceTree = "<group>"; };
		1EA26D3F27F25B69003F2E14 /* CountryViewModel.swift */ = {isa = PBXFileReference; lastKnownFileType = sourcecode.swift; path = CountryViewModel.swift; sourceTree = "<group>"; };
		1EA26D4227F25F23003F2E14 /* CountryTableViewCell.swift */ = {isa = PBXFileReference; lastKnownFileType = sourcecode.swift; path = CountryTableViewCell.swift; sourceTree = "<group>"; };
/* End PBXFileReference section */

/* Begin PBXFrameworksBuildPhase section */
		1EA26D1327F245C4003F2E14 /* Frameworks */ = {
			isa = PBXFrameworksBuildPhase;
			buildActionMask = 2147483647;
			files = (
				1EA26D3927F24704003F2E14 /* SnapKit in Frameworks */,
				1EA26D3C27F25B38003F2E14 /* Alamofire in Frameworks */,
			);
			runOnlyForDeploymentPostprocessing = 0;
		};
/* End PBXFrameworksBuildPhase section */

/* Begin PBXGroup section */
		1EA26D0D27F245C4003F2E14 = {
			isa = PBXGroup;
			children = (
				1EA26D1827F245C4003F2E14 /* Day 59 Challange */,
				1EA26D1727F245C4003F2E14 /* Products */,
			);
			sourceTree = "<group>";
		};
		1EA26D1727F245C4003F2E14 /* Products */ = {
			isa = PBXGroup;
			children = (
				1EA26D1627F245C4003F2E14 /* Day 59 Challange.app */,
			);
			name = Products;
			sourceTree = "<group>";
		};
		1EA26D1827F245C4003F2E14 /* Day 59 Challange */ = {
			isa = PBXGroup;
			children = (
				1EA26D2E27F24628003F2E14 /* Service */,
				1EA26D2F27F24635003F2E14 /* Model */,
				1EA26D3027F2463F003F2E14 /* ViewModel */,
				1EA26D3127F24646003F2E14 /* View */,
				1EA26D2D27F24611003F2E14 /* Core */,
				1EA26D1F27F245C4003F2E14 /* Main.storyboard */,
				1EA26D2227F245CA003F2E14 /* Assets.xcassets */,
				1EA26D2427F245CA003F2E14 /* LaunchScreen.storyboard */,
				1EA26D2727F245CA003F2E14 /* Info.plist */,
			);
			path = "Day 59 Challange";
			sourceTree = "<group>";
		};
		1EA26D2D27F24611003F2E14 /* Core */ = {
			isa = PBXGroup;
			children = (
				1EA26D1927F245C4003F2E14 /* AppDelegate.swift */,
				1EA26D1B27F245C4003F2E14 /* SceneDelegate.swift */,
				1EA26D1D27F245C4003F2E14 /* ViewController.swift */,
			);
			path = Core;
			sourceTree = "<group>";
		};
		1EA26D2E27F24628003F2E14 /* Service */ = {
			isa = PBXGroup;
			children = (
				1EA26D3227F2468C003F2E14 /* CountryService.swift */,
			);
			path = Service;
			sourceTree = "<group>";
		};
		1EA26D2F27F24635003F2E14 /* Model */ = {
			isa = PBXGroup;
			children = (
				1EA26D3D27F25B4E003F2E14 /* CountryModel.swift */,
			);
			path = Model;
			sourceTree = "<group>";
		};
		1EA26D3027F2463F003F2E14 /* ViewModel */ = {
			isa = PBXGroup;
			children = (
				1EA26D3F27F25B69003F2E14 /* CountryViewModel.swift */,
			);
			path = ViewModel;
			sourceTree = "<group>";
		};
		1EA26D3127F24646003F2E14 /* View */ = {
			isa = PBXGroup;
			children = (
				1EA26D4127F25F04003F2E14 /* Table View Cell */,
				1EA26D3427F246BC003F2E14 /* CountryViewController.swift */,
			);
			path = View;
			sourceTree = "<group>";
		};
		1EA26D4127F25F04003F2E14 /* Table View Cell */ = {
			isa = PBXGroup;
			children = (
				1EA26D4227F25F23003F2E14 /* CountryTableViewCell.swift */,
			);
			path = "Table View Cell";
			sourceTree = "<group>";
		};
/* End PBXGroup section */

/* Begin PBXNativeTarget section */
		1EA26D1527F245C4003F2E14 /* Day 59 Challange */ = {
			isa = PBXNativeTarget;
			buildConfigurationList = 1EA26D2A27F245CA003F2E14 /* Build configuration list for PBXNativeTarget "Day 59 Challange" */;
			buildPhases = (
				1EA26D1227F245C4003F2E14 /* Sources */,
				1EA26D1327F245C4003F2E14 /* Frameworks */,
				1EA26D1427F245C4003F2E14 /* Resources */,
			);
			buildRules = (
			);
			dependencies = (
			);
			name = "Day 59 Challange";
			packageProductDependencies = (
				1EA26D3827F24704003F2E14 /* SnapKit */,
				1EA26D3B27F25B38003F2E14 /* Alamofire */,
			);
			productName = "Day 59 Challange";
			productReference = 1EA26D1627F245C4003F2E14 /* Day 59 Challange.app */;
			productType = "com.apple.product-type.application";
		};
/* End PBXNativeTarget section */

/* Begin PBXProject section */
		1EA26D0E27F245C4003F2E14 /* Project object */ = {
			isa = PBXProject;
			attributes = {
				BuildIndependentTargetsInParallel = 1;
				LastSwiftUpdateCheck = 1330;
				LastUpgradeCheck = 1330;
				TargetAttributes = {
					1EA26D1527F245C4003F2E14 = {
						CreatedOnToolsVersion = 13.3;
					};
				};
			};
			buildConfigurationList = 1EA26D1127F245C4003F2E14 /* Build configuration list for PBXProject "Day 59 Challange" */;
			compatibilityVersion = "Xcode 13.0";
			developmentRegion = en;
			hasScannedForEncodings = 0;
			knownRegions = (
				en,
				Base,
			);
			mainGroup = 1EA26D0D27F245C4003F2E14;
			packageReferences = (
				1EA26D3727F24704003F2E14 /* XCRemoteSwiftPackageReference "SnapKit" */,
				1EA26D3A27F25B38003F2E14 /* XCRemoteSwiftPackageReference "Alamofire" */,
			);
			productRefGroup = 1EA26D1727F245C4003F2E14 /* Products */;
			projectDirPath = "";
			projectRoot = "";
			targets = (
				1EA26D1527F245C4003F2E14 /* Day 59 Challange */,
			);
		};
/* End PBXProject section */

/* Begin PBXResourcesBuildPhase section */
		1EA26D1427F245C4003F2E14 /* Resources */ = {
			isa = PBXResourcesBuildPhase;
			buildActionMask = 2147483647;
			files = (
				1EA26D2627F245CA003F2E14 /* LaunchScreen.storyboard in Resources */,
				1EA26D2327F245CA003F2E14 /* Assets.xcassets in Resources */,
				1EA26D2127F245C4003F2E14 /* Main.storyboard in Resources */,
			);
			runOnlyForDeploymentPostprocessing = 0;
		};
/* End PBXResourcesBuildPhase section */

/* Begin PBXSourcesBuildPhase section */
		1EA26D1227F245C4003F2E14 /* Sources */ = {
			isa = PBXSourcesBuildPhase;
			buildActionMask = 2147483647;
			files = (
				1EA26D3327F2468C003F2E14 /* CountryService.swift in Sources */,
				1EA26D1E27F245C4003F2E14 /* ViewController.swift in Sources */,
				1EA26D3E27F25B4E003F2E14 /* CountryModel.swift in Sources */,
				1EA26D1A27F245C4003F2E14 /* AppDelegate.swift in Sources */,
				1EA26D4327F25F23003F2E14 /* CountryTableViewCell.swift in Sources */,
				1EA26D3527F246BC003F2E14 /* CountryViewController.swift in Sources */,
				1EA26D4027F25B69003F2E14 /* CountryViewModel.swift in Sources */,
				1EA26D1C27F245C4003F2E14 /* SceneDelegate.swift in Sources */,
			);
			runOnlyForDeploymentPostprocessing = 0;
		};
/* End PBXSourcesBuildPhase section */

/* Begin PBXVariantGroup section */
		1EA26D1F27F245C4003F2E14 /* Main.storyboard */ = {
			isa = PBXVariantGroup;
			children = (
				1EA26D2027F245C4003F2E14 /* Base */,
			);
			name = Main.storyboard;
			sourceTree = "<group>";
		};
		1EA26D2427F245CA003F2E14 /* LaunchScreen.storyboard */ = {
			isa = PBXVariantGroup;
			children = (
				1EA26D2527F245CA003F2E14 /* Base */,
			);
			name = LaunchScreen.storyboard;
			sourceTree = "<group>";
		};
/* End PBXVariantGroup section */

/* Begin XCBuildConfiguration section */
		1EA26D2827F245CA003F2E14 /* Debug */ = {
			isa = XCBuildConfiguration;
			buildSettings = {
				ALWAYS_SEARCH_USER_PATHS = NO;
				CLANG_ANALYZER_NONNULL = YES;
				CLANG_ANALYZER_NUMBER_OBJECT_CONVERSION = YES_AGGRESSIVE;
				CLANG_CXX_LANGUAGE_STANDARD = "gnu++17";
				CLANG_ENABLE_MODULES = YES;
				CLANG_ENABLE_OBJC_ARC = YES;
				CLANG_ENABLE_OBJC_WEAK = YES;
				CLANG_WARN_BLOCK_CAPTURE_AUTORELEASING = YES;
				CLANG_WARN_BOOL_CONVERSION = YES;
				CLANG_WARN_COMMA = YES;
				CLANG_WARN_CONSTANT_CONVERSION = YES;
				CLANG_WARN_DEPRECATED_OBJC_IMPLEMENTATIONS = YES;
				CLANG_WARN_DIRECT_OBJC_ISA_USAGE = YES_ERROR;
				CLANG_WARN_DOCUMENTATION_COMMENTS = YES;
				CLANG_WARN_EMPTY_BODY = YES;
				CLANG_WARN_ENUM_CONVERSION = YES;
				CLANG_WARN_INFINITE_RECURSION = YES;
				CLANG_WARN_INT_CONVERSION = YES;
				CLANG_WARN_NON_LITERAL_NULL_CONVERSION = YES;
				CLANG_WARN_OBJC_IMPLICIT_RETAIN_SELF = YES;
				CLANG_WARN_OBJC_LITERAL_CONVERSION = YES;
				CLANG_WARN_OBJC_ROOT_CLASS = YES_ERROR;
				CLANG_WARN_QUOTED_INCLUDE_IN_FRAMEWORK_HEADER = YES;
				CLANG_WARN_RANGE_LOOP_ANALYSIS = YES;
				CLANG_WARN_STRICT_PROTOTYPES = YES;
				CLANG_WARN_SUSPICIOUS_MOVE = YES;
				CLANG_WARN_UNGUARDED_AVAILABILITY = YES_AGGRESSIVE;
				CLANG_WARN_UNREACHABLE_CODE = YES;
				CLANG_WARN__DUPLICATE_METHOD_MATCH = YES;
				COPY_PHASE_STRIP = NO;
				DEBUG_INFORMATION_FORMAT = dwarf;
				ENABLE_STRICT_OBJC_MSGSEND = YES;
				ENABLE_TESTABILITY = YES;
				GCC_C_LANGUAGE_STANDARD = gnu11;
				GCC_DYNAMIC_NO_PIC = NO;
				GCC_NO_COMMON_BLOCKS = YES;
				GCC_OPTIMIZATION_LEVEL = 0;
				GCC_PREPROCESSOR_DEFINITIONS = (
					"DEBUG=1",
					"$(inherited)",
				);
				GCC_WARN_64_TO_32_BIT_CONVERSION = YES;
				GCC_WARN_ABOUT_RETURN_TYPE = YES_ERROR;
				GCC_WARN_UNDECLARED_SELECTOR = YES;
				GCC_WARN_UNINITIALIZED_AUTOS = YES_AGGRESSIVE;
				GCC_WARN_UNUSED_FUNCTION = YES;
				GCC_WARN_UNUSED_VARIABLE = YES;
				IPHONEOS_DEPLOYMENT_TARGET = 15.4;
				MTL_ENABLE_DEBUG_INFO = INCLUDE_SOURCE;
				MTL_FAST_MATH = YES;
				ONLY_ACTIVE_ARCH = YES;
				SDKROOT = iphoneos;
				SWIFT_ACTIVE_COMPILATION_CONDITIONS = DEBUG;
				SWIFT_OPTIMIZATION_LEVEL = "-Onone";
			};
			name = Debug;
		};
		1EA26D2927F245CA003F2E14 /* Release */ = {
			isa = XCBuildConfiguration;
			buildSettings = {
				ALWAYS_SEARCH_USER_PATHS = NO;
				CLANG_ANALYZER_NONNULL = YES;
				CLANG_ANALYZER_NUMBER_OBJECT_CONVERSION = YES_AGGRESSIVE;
				CLANG_CXX_LANGUAGE_STANDARD = "gnu++17";
				CLANG_ENABLE_MODULES = YES;
				CLANG_ENABLE_OBJC_ARC = YES;
				CLANG_ENABLE_OBJC_WEAK = YES;
				CLANG_WARN_BLOCK_CAPTURE_AUTORELEASING = YES;
				CLANG_WARN_BOOL_CONVERSION = YES;
				CLANG_WARN_COMMA = YES;
				CLANG_WARN_CONSTANT_CONVERSION = YES;
				CLANG_WARN_DEPRECATED_OBJC_IMPLEMENTATIONS = YES;
				CLANG_WARN_DIRECT_OBJC_ISA_USAGE = YES_ERROR;
				CLANG_WARN_DOCUMENTATION_COMMENTS = YES;
				CLANG_WARN_EMPTY_BODY = YES;
				CLANG_WARN_ENUM_CONVERSION = YES;
				CLANG_WARN_INFINITE_RECURSION = YES;
				CLANG_WARN_INT_CONVERSION = YES;
				CLANG_WARN_NON_LITERAL_NULL_CONVERSION = YES;
				CLANG_WARN_OBJC_IMPLICIT_RETAIN_SELF = YES;
				CLANG_WARN_OBJC_LITERAL_CONVERSION = YES;
				CLANG_WARN_OBJC_ROOT_CLASS = YES_ERROR;
				CLANG_WARN_QUOTED_INCLUDE_IN_FRAMEWORK_HEADER = YES;
				CLANG_WARN_RANGE_LOOP_ANALYSIS = YES;
				CLANG_WARN_STRICT_PROTOTYPES = YES;
				CLANG_WARN_SUSPICIOUS_MOVE = YES;
				CLANG_WARN_UNGUARDED_AVAILABILITY = YES_AGGRESSIVE;
				CLANG_WARN_UNREACHABLE_CODE = YES;
				CLANG_WARN__DUPLICATE_METHOD_MATCH = YES;
				COPY_PHASE_STRIP = NO;
				DEBUG_INFORMATION_FORMAT = "dwarf-with-dsym";
				ENABLE_NS_ASSERTIONS = NO;
				ENABLE_STRICT_OBJC_MSGSEND = YES;
				GCC_C_LANGUAGE_STANDARD = gnu11;
				GCC_NO_COMMON_BLOCKS = YES;
				GCC_WARN_64_TO_32_BIT_CONVERSION = YES;
				GCC_WARN_ABOUT_RETURN_TYPE = YES_ERROR;
				GCC_WARN_UNDECLARED_SELECTOR = YES;
				GCC_WARN_UNINITIALIZED_AUTOS = YES_AGGRESSIVE;
				GCC_WARN_UNUSED_FUNCTION = YES;
				GCC_WARN_UNUSED_VARIABLE = YES;
				IPHONEOS_DEPLOYMENT_TARGET = 15.4;
				MTL_ENABLE_DEBUG_INFO = NO;
				MTL_FAST_MATH = YES;
				SDKROOT = iphoneos;
				SWIFT_COMPILATION_MODE = wholemodule;
				SWIFT_OPTIMIZATION_LEVEL = "-O";
				VALIDATE_PRODUCT = YES;
			};
			name = Release;
		};
		1EA26D2B27F245CA003F2E14 /* Debug */ = {
			isa = XCBuildConfiguration;
			buildSettings = {
				ASSETCATALOG_COMPILER_APPICON_NAME = AppIcon;
				ASSETCATALOG_COMPILER_GLOBAL_ACCENT_COLOR_NAME = AccentColor;
				CODE_SIGN_STYLE = Automatic;
				CURRENT_PROJECT_VERSION = 1;
				DEVELOPMENT_TEAM = B83SUAKS8Y;
				GENERATE_INFOPLIST_FILE = YES;
				INFOPLIST_FILE = "Day 59 Challange/Info.plist";
				INFOPLIST_KEY_UIApplicationSupportsIndirectInputEvents = YES;
				INFOPLIST_KEY_UILaunchStoryboardName = LaunchScreen;
				INFOPLIST_KEY_UIMainStoryboardFile = Main;
				INFOPLIST_KEY_UISupportedInterfaceOrientations_iPad = "UIInterfaceOrientationPortrait UIInterfaceOrientationPortraitUpsideDown UIInterfaceOrientationLandscapeLeft UIInterfaceOrientationLandscapeRight";
				INFOPLIST_KEY_UISupportedInterfaceOrientations_iPhone = "UIInterfaceOrientationPortrait UIInterfaceOrientationLandscapeLeft UIInterfaceOrientationLandscapeRight";
				LD_RUNPATH_SEARCH_PATHS = (
					"$(inherited)",
					"@executable_path/Frameworks",
				);
				MARKETING_VERSION = 1.0;
				PRODUCT_BUNDLE_IDENTIFIER = "com.unique.Day-59-Challange";
				PRODUCT_NAME = "$(TARGET_NAME)";
				SWIFT_EMIT_LOC_STRINGS = YES;
				SWIFT_VERSION = 5.0;
				TARGETED_DEVICE_FAMILY = "1,2";
			};
			name = Debug;
		};
		1EA26D2C27F245CA003F2E14 /* Release */ = {
			isa = XCBuildConfiguration;
			buildSettings = {
				ASSETCATALOG_COMPILER_APPICON_NAME = AppIcon;
				ASSETCATALOG_COMPILER_GLOBAL_ACCENT_COLOR_NAME = AccentColor;
				CODE_SIGN_STYLE = Automatic;
				CURRENT_PROJECT_VERSION = 1;
				DEVELOPMENT_TEAM = B83SUAKS8Y;
				GENERATE_INFOPLIST_FILE = YES;
				INFOPLIST_FILE = "Day 59 Challange/Info.plist";
				INFOPLIST_KEY_UIApplicationSupportsIndirectInputEvents = YES;
				INFOPLIST_KEY_UILaunchStoryboardName = LaunchScreen;
				INFOPLIST_KEY_UIMainStoryboardFile = Main;
				INFOPLIST_KEY_UISupportedInterfaceOrientations_iPad = "UIInterfaceOrientationPortrait UIInterfaceOrientationPortraitUpsideDown UIInterfaceOrientationLandscapeLeft UIInterfaceOrientationLandscapeRight";
				INFOPLIST_KEY_UISupportedInterfaceOrientations_iPhone = "UIInterfaceOrientationPortrait UIInterfaceOrientationLandscapeLeft UIInterfaceOrientationLandscapeRight";
				LD_RUNPATH_SEARCH_PATHS = (
					"$(inherited)",
					"@executable_path/Frameworks",
				);
				MARKETING_VERSION = 1.0;
				PRODUCT_BUNDLE_IDENTIFIER = "com.unique.Day-59-Challange";
				PRODUCT_NAME = "$(TARGET_NAME)";
				SWIFT_EMIT_LOC_STRINGS = YES;
				SWIFT_VERSION = 5.0;
				TARGETED_DEVICE_FAMILY = "1,2";
			};
			name = Release;
		};
/* End XCBuildConfiguration section */

/* Begin XCConfigurationList section */
		1EA26D1127F245C4003F2E14 /* Build configuration list for PBXProject "Day 59 Challange" */ = {
			isa = XCConfigurationList;
			buildConfigurations = (
				1EA26D2827F245CA003F2E14 /* Debug */,
				1EA26D2927F245CA003F2E14 /* Release */,
			);
			defaultConfigurationIsVisible = 0;
			defaultConfigurationName = Release;
		};
		1EA26D2A27F245CA003F2E14 /* Build configuration list for PBXNativeTarget "Day 59 Challange" */ = {
			isa = XCConfigurationList;
			buildConfigurations = (
				1EA26D2B27F245CA003F2E14 /* Debug */,
				1EA26D2C27F245CA003F2E14 /* Release */,
			);
			defaultConfigurationIsVisible = 0;
			defaultConfigurationName = Release;
		};
/* End XCConfigurationList section */

/* Begin XCRemoteSwiftPackageReference section */
		1EA26D3727F24704003F2E14 /* XCRemoteSwiftPackageReference "SnapKit" */ = {
			isa = XCRemoteSwiftPackageReference;
			repositoryURL = "https://github.com/SnapKit/SnapKit.git";
			requirement = {
				branch = develop;
				kind = branch;
			};
		};
		1EA26D3A27F25B38003F2E14 /* XCRemoteSwiftPackageReference "Alamofire" */ = {
			isa = XCRemoteSwiftPackageReference;
			repositoryURL = "https://github.com/Alamofire/Alamofire.git";
			requirement = {
				branch = master;
				kind = branch;
			};
		};
/* End XCRemoteSwiftPackageReference section */

/* Begin XCSwiftPackageProductDependency section */
		1EA26D3827F24704003F2E14 /* SnapKit */ = {
			isa = XCSwiftPackageProductDependency;
			package = 1EA26D3727F24704003F2E14 /* XCRemoteSwiftPackageReference "SnapKit" */;
			productName = SnapKit;
		};
		1EA26D3B27F25B38003F2E14 /* Alamofire */ = {
			isa = XCSwiftPackageProductDependency;
			package = 1EA26D3A27F25B38003F2E14 /* XCRemoteSwiftPackageReference "Alamofire" */;
			productName = Alamofire;
		};
/* End XCSwiftPackageProductDependency section */
	};
	rootObject = 1EA26D0E27F245C4003F2E14 /* Project object */;
}
